
Microsoft Visual Studio Solution File, Format Version 12.00
# Visual Studio Version 16
VisualStudioVersion = 16.0.31313.79
MinimumVisualStudioVersion = 10.0.40219.1
Project("{FAE04EC0-301F-11D3-BF4B-00C04F79EFBC}") = "myCompiler", "myCompiler.csproj", "{6A6A459D-2973-4F51-8942-282219446727}"
EndProject
Global
	GlobalSection(SolutionConfigurationPlatforms) = preSolution
		Debug|Any CPU = Debug|Any CPU
		Release|Any CPU = Release|Any CPU
	EndGlobalSection
	GlobalSection(ProjectConfigurationPlatforms) = postSolution
		{6A6A459D-2973-4F51-8942-282219446727}.Debug|Any CPU.ActiveCfg = Debug|Any CPU
		{6A6A459D-2973-4F51-8942-282219446727}.Debug|Any CPU.Build.0 = Debug|Any CPU
		{6A6A459D-2973-4F51-8942-282219446727}.Release|Any CPU.ActiveCfg = Release|Any CPU
		{6A6A459D-2973-4F51-8942-282219446727}.Release|Any CPU.Build.0 = Release|Any CPU
	EndGlobalSection
	GlobalSection(SolutionProperties) = preSolution
		HideSolutionNode = FALSE
	EndGlobalSection
	GlobalSection(ExtensibilityGlobals) = postSolution
		SolutionGuid = {852680CA-BCE9-46B8-9BF7-D6CF01851756}
	EndGlobalSection
EndGlobal
